
Microsoft Visual Studio Solution File, Format Version 12.00
# Visual Studio 15
VisualStudioVersion = 15.0.27428.2027
MinimumVisualStudioVersion = 10.0.40219.1
Project("{FAE04EC0-301F-11D3-BF4B-00C04F79EFBC}") = "PackageAnalyzer.ConsoleApp", "PackageAnalyzer.ConsoleApp\PackageAnalyzer.ConsoleApp.csproj", "{4526C7AB-1A5F-4E43-B67E-A8B6DF584A5F}"
EndProject
Project("{FAE04EC0-301F-11D3-BF4B-00C04F79EFBC}") = "PackageAnalyzer.Core", "PackageAnalyzer.Core\PackageAnalyzer.Core.csproj", "{9AD58FBD-5809-4511-AC74-82394B493877}"
EndProject
Project("{FAE04EC0-301F-11D3-BF4B-00C04F79EFBC}") = "PackageAnalyzer.Core.Tests", "PackageAnalyzer.Core.Tests\PackageAnalyzer.Core.Tests.csproj", "{2E67B561-1742-4295-A6F0-BB9BE97EEA60}"
EndProject
Project("{FAE04EC0-301F-11D3-BF4B-00C04F79EFBC}") = "PackageAnalyzer.WinForm", "PackageAnalyzer.WinForm\PackageAnalyzer.WinForm.csproj", "{B78BD788-3410-4127-95A2-3C7A1171BB7F}"
EndProject
Project("{FAE04EC0-301F-11D3-BF4B-00C04F79EFBC}") = "PackageAnalyzer.Cleaner.WebJob", "PackageAnalyzer.Cleaner.WebJob\PackageAnalyzer.Cleaner.WebJob.csproj", "{F20DBD28-8FCA-4A38-BA90-1441A451A168}"
EndProject
Project("{2150E333-8FDC-42A3-9474-1A3956D46DE8}") = "Common", "Common", "{7F8461FD-9BFE-46EA-9753-86FD78D4AFC9}"
	ProjectSection(SolutionItems) = preProject
		GlobalAssemblyInfo.cs = GlobalAssemblyInfo.cs
	EndProjectSection
EndProject
Project("{FAE04EC0-301F-11D3-BF4B-00C04F79EFBC}") = "PackageAnalyzer.Cleanup.Function", "PackageAnalyzer.Cleanup.Function\PackageAnalyzer.Cleanup.Function.csproj", "{C64C5059-6995-4FE2-8E7A-9994823A9825}"
EndProject
Global
	GlobalSection(SolutionConfigurationPlatforms) = preSolution
		Debug|Any CPU = Debug|Any CPU
		Release|Any CPU = Release|Any CPU
	EndGlobalSection
	GlobalSection(ProjectConfigurationPlatforms) = postSolution
		{4526C7AB-1A5F-4E43-B67E-A8B6DF584A5F}.Debug|Any CPU.ActiveCfg = Debug|Any CPU
		{4526C7AB-1A5F-4E43-B67E-A8B6DF584A5F}.Debug|Any CPU.Build.0 = Debug|Any CPU
		{4526C7AB-1A5F-4E43-B67E-A8B6DF584A5F}.Release|Any CPU.ActiveCfg = Release|Any CPU
		{4526C7AB-1A5F-4E43-B67E-A8B6DF584A5F}.Release|Any CPU.Build.0 = Release|Any CPU
		{9AD58FBD-5809-4511-AC74-82394B493877}.Debug|Any CPU.ActiveCfg = Debug|Any CPU
		{9AD58FBD-5809-4511-AC74-82394B493877}.Debug|Any CPU.Build.0 = Debug|Any CPU
		{9AD58FBD-5809-4511-AC74-82394B493877}.Release|Any CPU.ActiveCfg = Release|Any CPU
		{9AD58FBD-5809-4511-AC74-82394B493877}.Release|Any CPU.Build.0 = Release|Any CPU
		{2E67B561-1742-4295-A6F0-BB9BE97EEA60}.Debug|Any CPU.ActiveCfg = Debug|Any CPU
		{2E67B561-1742-4295-A6F0-BB9BE97EEA60}.Debug|Any CPU.Build.0 = Debug|Any CPU
		{2E67B561-1742-4295-A6F0-BB9BE97EEA60}.Release|Any CPU.ActiveCfg = Release|Any CPU
		{2E67B561-1742-4295-A6F0-BB9BE97EEA60}.Release|Any CPU.Build.0 = Release|Any CPU
		{B78BD788-3410-4127-95A2-3C7A1171BB7F}.Debug|Any CPU.ActiveCfg = Debug|Any CPU
		{B78BD788-3410-4127-95A2-3C7A1171BB7F}.Debug|Any CPU.Build.0 = Debug|Any CPU
		{B78BD788-3410-4127-95A2-3C7A1171BB7F}.Release|Any CPU.ActiveCfg = Release|Any CPU
		{B78BD788-3410-4127-95A2-3C7A1171BB7F}.Release|Any CPU.Build.0 = Release|Any CPU
		{F20DBD28-8FCA-4A38-BA90-1441A451A168}.Debug|Any CPU.ActiveCfg = Debug|Any CPU
		{F20DBD28-8FCA-4A38-BA90-1441A451A168}.Debug|Any CPU.Build.0 = Debug|Any CPU
		{F20DBD28-8FCA-4A38-BA90-1441A451A168}.Release|Any CPU.ActiveCfg = Release|Any CPU
		{F20DBD28-8FCA-4A38-BA90-1441A451A168}.Release|Any CPU.Build.0 = Release|Any CPU
		{C64C5059-6995-4FE2-8E7A-9994823A9825}.Debug|Any CPU.ActiveCfg = Debug|Any CPU
		{C64C5059-6995-4FE2-8E7A-9994823A9825}.Debug|Any CPU.Build.0 = Debug|Any CPU
		{C64C5059-6995-4FE2-8E7A-9994823A9825}.Release|Any CPU.ActiveCfg = Release|Any CPU
		{C64C5059-6995-4FE2-8E7A-9994823A9825}.Release|Any CPU.Build.0 = Release|Any CPU
	EndGlobalSection
	GlobalSection(SolutionProperties) = preSolution
		HideSolutionNode = FALSE
	EndGlobalSection
	GlobalSection(ExtensibilityGlobals) = postSolution
		SolutionGuid = {5E40B507-32CA-4610-AD96-DA2764F133F1}
	EndGlobalSection
EndGlobal
